lockfileVersion: '6.0'

dependencies:
  gitbook-cli:
    specifier: ^2.3.2
    version: 2.3.2

packages:

  /bash-color@0.0.4:
    resolution: {integrity: sha512-ZNB4525U7BxT6v9C8LEtywyCgB4Pjnm7/bh+ru/Z9Ecxvg3fDjaJ6z305z9a61orQdbB1zqYHh5JbUqx4s4K0g==}
    dev: false

  /commander@2.11.0:
    resolution: {integrity: sha512-b0553uYA5YAEGgyYIGYROzKQ7X5RAqedkfjiZxwi0kL1g3bOaBNNZfYkzt/CL0umgD5wc9Jec2FbB98CjkMRvQ==}
    dev: false

  /fs-extra@3.0.1:
    resolution: {integrity: sha512-V3Z3WZWVUYd8hoCL5xfXJCaHWYzmtwW5XWYSlLgERi8PWd8bx1kUHUk8L1BT57e49oKnDDD180mjfrHc1yA9rg==}
    dependencies:
      graceful-fs: 4.2.11
      jsonfile: 3.0.1
      universalify: 0.1.2
    dev: false

  /gitbook-cli@2.3.2:
    resolution: {integrity: sha512-eyGtkY7jKHhmgpfuvgAP5fZcUob/FBz4Ld0aLRdEmiTrS1RklimN9epzPp75dd4MWpGhYvSbiwxnpyLiv1wh6A==}
    hasBin: true
    dependencies:
      bash-color: 0.0.4
      commander: 2.11.0
      fs-extra: 3.0.1
      lodash: 4.17.4
      npm: 5.1.0
      npmi: 1.0.1
      optimist: 0.6.1
      q: 1.5.0
      semver: 5.3.0
      tmp: 0.0.31
      user-home: 2.0.0
    dev: false

  /graceful-fs@4.2.11:
    resolution: {integrity: sha512-RbJ5/jmFcNNCcDV5o9eTnBLJ/HszWV0P73bc+Ff4nS/rJj+YaS6IGyiOL0VoBYX+l1Wrl3k63h/KrH+nhJ0XvQ==}
    dev: false

  /jsonfile@3.0.1:
    resolution: {integrity: sha512-oBko6ZHlubVB5mRFkur5vgYR1UyqX+S6Y/oCfLhqNdcc2fYFlDpIoNc7AfKS1KOGcnNAkvsr0grLck9ANM815w==}
    optionalDependencies:
      graceful-fs: 4.2.11
    dev: false

  /lodash@4.17.4:
    resolution: {integrity: sha512-6X37Sq9KCpLSXEh8uM12AKYlviHPNNk4RxiGBn4cmKGJinbXBneWIV7iE/nXkM928O7ytHcHb6+X6Svl0f4hXg==}
    dev: false

  /minimist@0.0.10:
    resolution: {integrity: sha512-iotkTvxc+TwOm5Ieim8VnSNvCDjCK9S8G3scJ50ZthspSxa7jx50jkhYduuAtAjvfDUwSgOwf8+If99AlOEhyw==}
    dev: false

  /npm@2.15.12:
    resolution: {integrity: sha512-WMoAJ518W0vHjWy1abYnTeyG9YQpSoYGPxAx7d0C0L7U7Jo44bZsrvTjccmDohCJGxpasdKfqsKsl6o/RUPx6A==}
    hasBin: true
    dev: false
    bundledDependencies:
      - abbrev
      - ansi
      - ansi-regex
      - ansicolors
      - ansistyles
      - archy
      - async-some
      - block-stream
      - char-spinner
      - chmodr
      - chownr
      - cmd-shim
      - columnify
      - config-chain
      - dezalgo
      - editor
      - fs-vacuum
      - fs-write-stream-atomic
      - fstream
      - fstream-npm
      - github-url-from-git
      - github-url-from-username-repo
      - glob
      - graceful-fs
      - hosted-git-info
      - imurmurhash
      - inflight
      - inherits
      - ini
      - init-package-json
      - lockfile
      - lru-cache
      - minimatch
      - mkdirp
      - node-gyp
      - nopt
      - normalize-git-url
      - normalize-package-data
      - npm-cache-filename
      - npm-install-checks
      - npm-package-arg
      - npm-registry-client
      - npm-user-validate
      - npmlog
      - once
      - opener
      - osenv
      - path-is-inside
      - read
      - read-installed
      - read-package-json
      - readable-stream
      - realize-package-specifier
      - request
      - retry
      - rimraf
      - semver
      - sha
      - slide
      - sorted-object
      - spdx-license-ids
      - strip-ansi
      - tar
      - text-table
      - uid-number
      - umask
      - validate-npm-package-license
      - validate-npm-package-name
      - which
      - wrappy
      - write-file-atomic

  /npm@5.1.0:
    resolution: {integrity: sha512-pt5ClxEmY/dLpb60SmGQQBKi3nB6Ljx1FXmpoCUdAULlGqGVn2uCyXxPCWFbcuHGthT7qGiaGa1wOfs/UjGYMw==}
    hasBin: true
    dev: false
    bundledDependencies:
      - abbrev
      - ansi-regex
      - ansicolors
      - ansistyles
      - aproba
      - archy
      - cacache
      - call-limit
      - bluebird
      - chownr
      - cmd-shim
      - columnify
      - config-chain
      - debuglog
      - detect-indent
      - dezalgo
      - editor
      - fs-vacuum
      - fs-write-stream-atomic
      - fstream
      - fstream-npm
      - glob
      - graceful-fs
      - has-unicode
      - hosted-git-info
      - iferr
      - imurmurhash
      - inflight
      - inherits
      - ini
      - init-package-json
      - JSONStream
      - lazy-property
      - lockfile
      - lodash._baseindexof
      - lodash._baseuniq
      - lodash._bindcallback
      - lodash._cacheindexof
      - lodash._createcache
      - lodash._getnative
      - lodash.clonedeep
      - lodash.restparam
      - lodash.union
      - lodash.uniq
      - lodash.without
      - lru-cache
      - mkdirp
      - mississippi
      - move-concurrently
      - node-gyp
      - nopt
      - normalize-package-data
      - npm-cache-filename
      - npm-install-checks
      - npm-package-arg
      - npm-registry-client
      - npm-user-validate
      - npmlog
      - once
      - opener
      - osenv
      - pacote
      - path-is-inside
      - promise-inflight
      - read
      - read-cmd-shim
      - read-installed
      - read-package-json
      - read-package-tree
      - readable-stream
      - readdir-scoped-modules
      - request
      - retry
      - rimraf
      - semver
      - sha
      - slide
      - sorted-object
      - sorted-union-stream
      - ssri
      - strip-ansi
      - tar
      - text-table
      - uid-number
      - umask
      - unique-filename
      - unpipe
      - update-notifier
      - uuid
      - validate-npm-package-license
      - validate-npm-package-name
      - which
      - wrappy
      - write-file-atomic
      - safe-buffer
      - worker-farm

  /npmi@1.0.1:
    resolution: {integrity: sha512-KGSWKUKllQFwd5L2t3+rA9sJhlbXynQEiUOcW9Ii9c2j6l0ETspJnsj5RaOeVl16K23S9uL8m3McFazul3jZeA==}
    dependencies:
      npm: 2.15.12
      semver: 4.3.6
    dev: false

  /optimist@0.6.1:
    resolution: {integrity: sha512-snN4O4TkigujZphWLN0E//nQmm7790RYaE53DdL7ZYwee2D8DDo9/EyYiKUfN3rneWUjhJnueija3G9I2i0h3g==}
    dependencies:
      minimist: 0.0.10
      wordwrap: 0.0.3
    dev: false

  /os-homedir@1.0.2:
    resolution: {integrity: sha512-B5JU3cabzk8c67mRRd3ECmROafjYMXbuzlwtqdM8IbS8ktlTix8aFGb2bAGKrSRIlnfKwovGUUr72JUPyOb6kQ==}
    engines: {node: '>=0.10.0'}
    dev: false

  /os-tmpdir@1.0.2:
    resolution: {integrity: sha512-D2FR03Vir7FIu45XBY20mTb+/ZSWB00sjU9jdQXt83gDrI4Ztz5Fs7/yy74g2N5SVQY4xY1qDr4rNddwYRVX0g==}
    engines: {node: '>=0.10.0'}
    dev: false

  /q@1.5.0:
    resolution: {integrity: sha512-VVMcd+HnuWZalHPycK7CsbVJ+sSrrrnCvHcW38YJVK9Tywnb5DUWJjONi81bLUj7aqDjIXnePxBl5t1r/F/ncg==}
    engines: {node: '>=0.6.0', teleport: '>=0.2.0'}
    dev: false

  /semver@4.3.6:
    resolution: {integrity: sha512-IrpJ+yoG4EOH8DFWuVg+8H1kW1Oaof0Wxe7cPcXW3x9BjkN/eVo54F15LyqemnDIUYskQWr9qvl/RihmSy6+xQ==}
    hasBin: true
    dev: false

  /semver@5.3.0:
    resolution: {integrity: sha512-mfmm3/H9+67MCVix1h+IXTpDwL6710LyHuk7+cWC9T1mE0qz4iHhh6r4hU2wrIT9iTsAAC2XQRvfblL028cpLw==}
    hasBin: true
    dev: false

  /tmp@0.0.31:
    resolution: {integrity: sha512-lfyEfOppKvWNeId5CArFLwgwef+iCnbEIy0JWYf1httIEXnx4ndL4Dr1adw7hPgeQfSlTbc/gqn6iaKcROpw5Q==}
    engines: {node: '>=0.4.0'}
    dependencies:
      os-tmpdir: 1.0.2
    dev: false

  /universalify@0.1.2:
    resolution: {integrity: sha512-rBJeI5CXAlmy1pV+617WB9J63U6XcazHHF2f2dbJix4XzpUF0RS3Zbj0FGIOCAva5P/d/GBOYaACQ1w+0azUkg==}
    engines: {node: '>= 4.0.0'}
    dev: false

  /user-home@2.0.0:
    resolution: {integrity: sha512-KMWqdlOcjCYdtIJpicDSFBQ8nFwS2i9sslAd6f4+CBGcU4gist2REnr2fxj2YocvJFxSF3ZOHLYLVZnUxv4BZQ==}
    engines: {node: '>=0.10.0'}
    dependencies:
      os-homedir: 1.0.2
    dev: false

  /wordwrap@0.0.3:
    resolution: {integrity: sha512-1tMA907+V4QmxV7dbRvb4/8MaRALK6q9Abid3ndMYnbyo8piisCmeONVqVSXqQA3KaP4SLt5b7ud6E2sqP8TFw==}
    engines: {node: '>=0.4.0'}
    dev: false
